// !$*UTF8*$!
{
	archiveVersion = 1;
	classes = {
	};
	objectVersion = 77;
	objects = {

/* Begin PBXBuildFile section */
		15AE37B1BC6AF511D38B8B95 /* VovozinhaApp.swift in Sources */ = {isa = PBXBuildFile; fileRef = D3E596C49EE9FD35A76E8F91 /* VovozinhaApp.swift */; };
		56F03C557510DB5DC4BBBDA4 /* VovoUI in Frameworks */ = {isa = PBXBuildFile; productRef = 7384607EBBE485761D9B4233 /* VovoUI */; };
		8BADBC6D514B5CCAED6744BD /* StorybookKit in Frameworks */ = {isa = PBXBuildFile; productRef = F958A7C62BAD68CD2F413CBB /* StorybookKit */; };
		93B9EBCB2944EE8E81AB1EE0 /* Assets.xcassets in Resources */ = {isa = PBXBuildFile; fileRef = 396D5D4A8426300F519B2EA1 /* Assets.xcassets */; };
/* End PBXBuildFile section */

/* Begin PBXFileReference section */
		396D5D4A8426300F519B2EA1 /* Assets.xcassets */ = {isa = PBXFileReference; lastKnownFileType = folder.assetcatalog; path = Assets.xcassets; sourceTree = "<group>"; };
		675DDD631D3E85381A748AF7 /* StoryPromptKit */ = {isa = PBXFileReference; lastKnownFileType = folder; name = StoryPromptKit; path = Packages/StoryPromptKit; sourceTree = SOURCE_ROOT; };
		A51E6CE3889F3CE86CC4C134 /* VovoUI */ = {isa = PBXFileReference; lastKnownFileType = folder; name = VovoUI; path = Packages/VovoUI; sourceTree = SOURCE_ROOT; };
		CBA0BC7939BE7E0E370DF3E4 /* StorybookKit */ = {isa = PBXFileReference; lastKnownFileType = folder; name = StorybookKit; path = Packages/StorybookKit; sourceTree = SOURCE_ROOT; };
		D3E596C49EE9FD35A76E8F91 /* VovozinhaApp.swift */ = {isa = PBXFileReference; lastKnownFileType = sourcecode.swift; path = VovozinhaApp.swift; sourceTree = "<group>"; };
		F27FC19B37FD0AC6B37B09A7 /* Vovozinha.app */ = {isa = PBXFileReference; includeInIndex = 0; lastKnownFileType = wrapper.application; path = Vovozinha.app; sourceTree = BUILT_PRODUCTS_DIR; };
		FB8B9DAA756D624FF8322687 /* ImageGenKit */ = {isa = PBXFileReference; lastKnownFileType = folder; name = ImageGenKit; path = Packages/ImageGenKit; sourceTree = SOURCE_ROOT; };
/* End PBXFileReference section */

/* Begin PBXFrameworksBuildPhase section */
		6BFA023A89781172DA37882B /* Frameworks */ = {
			isa = PBXFrameworksBuildPhase;
			buildActionMask = 2147483647;
			files = (
				56F03C557510DB5DC4BBBDA4 /* VovoUI in Frameworks */,
				8BADBC6D514B5CCAED6744BD /* StorybookKit in Frameworks */,
			);
			runOnlyForDeploymentPostprocessing = 0;
		};
/* End PBXFrameworksBuildPhase section */

/* Begin PBXGroup section */
		1032F3B49729E4F2CB83D558 /* Apps */ = {
			isa = PBXGroup;
			children = (
				2D4FE290B9E4346D37CAD0E9 /* Vovozinha */,
			);
			path = Apps;
			sourceTree = "<group>";
		};
		19974DEEB27A7896457CADDC /* Products */ = {
			isa = PBXGroup;
			children = (
				F27FC19B37FD0AC6B37B09A7 /* Vovozinha.app */,
			);
			name = Products;
			sourceTree = "<group>";
		};
		2D4FE290B9E4346D37CAD0E9 /* Vovozinha */ = {
			isa = PBXGroup;
			children = (
				396D5D4A8426300F519B2EA1 /* Assets.xcassets */,
				D3E596C49EE9FD35A76E8F91 /* VovozinhaApp.swift */,
			);
			path = Vovozinha;
			sourceTree = "<group>";
		};
		729D73858EFEAD0ECA8AFD8B /* Packages */ = {
			isa = PBXGroup;
			children = (
				FB8B9DAA756D624FF8322687 /* ImageGenKit */,
				CBA0BC7939BE7E0E370DF3E4 /* StorybookKit */,
				675DDD631D3E85381A748AF7 /* StoryPromptKit */,
				A51E6CE3889F3CE86CC4C134 /* VovoUI */,
			);
			path = Packages;
			sourceTree = "<group>";
		};
		BD1FD6431E23B3582A8F709D = {
			isa = PBXGroup;
			children = (
				1032F3B49729E4F2CB83D558 /* Apps */,
				729D73858EFEAD0ECA8AFD8B /* Packages */,
				19974DEEB27A7896457CADDC /* Products */,
			);
			sourceTree = "<group>";
		};
/* End PBXGroup section */

/* Begin PBXNativeTarget section */
		3897A72DB20BA44E68176062 /* Vovozinha */ = {
			isa = PBXNativeTarget;
			buildConfigurationList = 2AEE0F33C9450CA366A9893F /* Build configuration list for PBXNativeTarget "Vovozinha" */;
			buildPhases = (
				0FBBBA7767F429C8227952A0 /* Sources */,
				98820A77AE77C4C54CA9DF79 /* Resources */,
				6BFA023A89781172DA37882B /* Frameworks */,
			);
			buildRules = (
			);
			dependencies = (
			);
			name = Vovozinha;
			packageProductDependencies = (
				7384607EBBE485761D9B4233 /* VovoUI */,
				F958A7C62BAD68CD2F413CBB /* StorybookKit */,
			);
			productName = Vovozinha;
			productReference = F27FC19B37FD0AC6B37B09A7 /* Vovozinha.app */;
			productType = "com.apple.product-type.application";
		};
/* End PBXNativeTarget section */

/* Begin PBXProject section */
		93D47B002720DBA6D1491AF8 /* Project object */ = {
			isa = PBXProject;
			attributes = {
				BuildIndependentTargetsInParallel = YES;
				LastUpgradeCheck = 1430;
				TargetAttributes = {
					3897A72DB20BA44E68176062 = {
						DevelopmentTeam = FTS4YLJNG3;
						ProvisioningStyle = Automatic;
					};
				};
			};
			buildConfigurationList = 5A2F0533DA6CB770063B29CC /* Build configuration list for PBXProject "Vovozinha" */;
			developmentRegion = en;
			hasScannedForEncodings = 0;
			knownRegions = (
				Base,
				en,
			);
			mainGroup = BD1FD6431E23B3582A8F709D;
			minimizedProjectReferenceProxies = 1;
			packageReferences = (
				2B6877E08F3B1B74A6D51707 /* XCLocalSwiftPackageReference "Packages/ImageGenKit" */,
				3FA56A837A1CBBD562719EC0 /* XCLocalSwiftPackageReference "Packages/StoryPromptKit" */,
				C9F0CCEA3DC9FE940255E906 /* XCLocalSwiftPackageReference "Packages/StorybookKit" */,
				3E568F3618716272B53D9DE3 /* XCLocalSwiftPackageReference "Packages/VovoUI" */,
			);
			preferredProjectObjectVersion = 77;
			productRefGroup = 19974DEEB27A7896457CADDC /* Products */;
			projectDirPath = "";
			projectRoot = "";
			targets = (
				3897A72DB20BA44E68176062 /* Vovozinha */,
			);
		};
/* End PBXProject section */

/* Begin PBXResourcesBuildPhase section */
		98820A77AE77C4C54CA9DF79 /* Resources */ = {
			isa = PBXResourcesBuildPhase;
			buildActionMask = 2147483647;
			files = (
				93B9EBCB2944EE8E81AB1EE0 /* Assets.xcassets in Resources */,
			);
			runOnlyForDeploymentPostprocessing = 0;
		};
/* End PBXResourcesBuildPhase section */

/* Begin PBXSourcesBuildPhase section */
		0FBBBA7767F429C8227952A0 /* Sources */ = {
			isa = PBXSourcesBuildPhase;
			buildActionMask = 2147483647;
			files = (
				15AE37B1BC6AF511D38B8B95 /* VovozinhaApp.swift in Sources */,
			);
			runOnlyForDeploymentPostprocessing = 0;
		};
/* End PBXSourcesBuildPhase section */

/* Begin XCBuildConfiguration section */
		2C061CA44DA1D74B3C6D1186 /* Release */ = {
			isa = XCBuildConfiguration;
			buildSettings = {
				ASSETCATALOG_COMPILER_APPICON_NAME = AppIcon;
				CODE_SIGN_ENTITLEMENTS = Apps/Vovozinha/Vovozinha.entitlements;
				CODE_SIGN_IDENTITY = "iPhone Developer";
				CODE_SIGN_STYLE = Automatic;
				DEVELOPMENT_TEAM = FTS4YLJNG3;
				GENERATE_INFOPLIST_FILE = YES;
				INFOPLIST_KEY_CFBundleDisplayName = Vovozinha;
				INFOPLIST_KEY_NSPhotoLibraryUsageDescription = "Vovozinha uses a photo you pick to illustrate a bedtime story. The photo never leaves this iPhone.";
				INFOPLIST_KEY_UILaunchScreen_Generation = YES;
				INFOPLIST_KEY_UIRequiresFullScreen = YES;
				INFOPLIST_KEY_UISupportedInterfaceOrientations = UIInterfaceOrientationPortrait;
				LD_RUNPATH_SEARCH_PATHS = (
					"$(inherited)",
					"@executable_path/Frameworks",
				);
				PRODUCT_BUNDLE_IDENTIFIER = app.vovozinha.Vovozinha;
				PRODUCT_NAME = Vovozinha;
				SDKROOT = iphoneos;
				SUPPORTS_MACCATALYST = NO;
				SUPPORTS_MAC_DESIGNED_FOR_IPHONE_IPAD = NO;
				SUPPORTS_XR_DESIGNED_FOR_IPHONE_IPAD = NO;
				TARGETED_DEVICE_FAMILY = "1,2";
			};
			name = Release;
		};
		9A00D0D2DDE8C1B9EF64E88A /* Debug */ = {
			isa = XCBuildConfiguration;
			buildSettings = {
				ASSETCATALOG_COMPILER_APPICON_NAME = AppIcon;
				CODE_SIGN_ENTITLEMENTS = Apps/Vovozinha/Vovozinha.entitlements;
				CODE_SIGN_IDENTITY = "iPhone Developer";
				CODE_SIGN_STYLE = Automatic;
				DEVELOPMENT_TEAM = FTS4YLJNG3;
				GENERATE_INFOPLIST_FILE = YES;
				INFOPLIST_KEY_CFBundleDisplayName = Vovozinha;
				INFOPLIST_KEY_NSPhotoLibraryUsageDescription = "Vovozinha uses a photo you pick to illustrate a bedtime story. The photo never leaves this iPhone.";
				INFOPLIST_KEY_UILaunchScreen_Generation = YES;
				INFOPLIST_KEY_UIRequiresFullScreen = YES;
				INFOPLIST_KEY_UISupportedInterfaceOrientations = UIInterfaceOrientationPortrait;
				LD_RUNPATH_SEARCH_PATHS = (
					"$(inherited)",
					"@executable_path/Frameworks",
				);
				PRODUCT_BUNDLE_IDENTIFIER = app.vovozinha.Vovozinha;
				PRODUCT_NAME = Vovozinha;
				SDKROOT = iphoneos;
				SUPPORTS_MACCATALYST = NO;
				SUPPORTS_MAC_DESIGNED_FOR_IPHONE_IPAD = NO;
				SUPPORTS_XR_DESIGNED_FOR_IPHONE_IPAD = NO;
				TARGETED_DEVICE_FAMILY = "1,2";
			};
			name = Debug;
		};
		A4EC26EBD52DBDE3ED622B46 /* Release */ = {
			isa = XCBuildConfiguration;
			buildSettings = {
				ALWAYS_SEARCH_USER_PATHS = NO;
				CLANG_ANALYZER_NONNULL = YES;
				CLANG_ANALYZER_NUMBER_OBJECT_CONVERSION = YES_AGGRESSIVE;
				CLANG_CXX_LANGUAGE_STANDARD = "gnu++14";
				CLANG_CXX_LIBRARY = "libc++";
				CLANG_ENABLE_MODULES = YES;
				CLANG_ENABLE_OBJC_ARC = YES;
				CLANG_ENABLE_OBJC_WEAK = YES;
				CLANG_WARN_BLOCK_CAPTURE_AUTORELEASING = YES;
				CLANG_WARN_BOOL_CONVERSION = YES;
				CLANG_WARN_COMMA = YES;
				CLANG_WARN_CONSTANT_CONVERSION = YES;
				CLANG_WARN_DEPRECATED_OBJC_IMPLEMENTATIONS = YES;
				CLANG_WARN_DIRECT_OBJC_ISA_USAGE = YES_ERROR;
				CLANG_WARN_DOCUMENTATION_COMMENTS = YES;
				CLANG_WARN_EMPTY_BODY = YES;
				CLANG_WARN_ENUM_CONVERSION = YES;
				CLANG_WARN_INFINITE_RECURSION = YES;
				CLANG_WARN_INT_CONVERSION = YES;
				CLANG_WARN_NON_LITERAL_NULL_CONVERSION = YES;
				CLANG_WARN_OBJC_IMPLICIT_RETAIN_SELF = YES;
				CLANG_WARN_OBJC_LITERAL_CONVERSION = YES;
				CLANG_WARN_OBJC_ROOT_CLASS = YES_ERROR;
				CLANG_WARN_QUOTED_INCLUDE_IN_FRAMEWORK_HEADER = YES;
				CLANG_WARN_RANGE_LOOP_ANALYSIS = YES;
				CLANG_WARN_STRICT_PROTOTYPES = YES;
				CLANG_WARN_SUSPICIOUS_MOVE = YES;
				CLANG_WARN_UNGUARDED_AVAILABILITY = YES_AGGRESSIVE;
				CLANG_WARN_UNREACHABLE_CODE = YES;
				CLANG_WARN__DUPLICATE_METHOD_MATCH = YES;
				CODE_SIGN_STYLE = Automatic;
				COPY_PHASE_STRIP = NO;
				DEBUG_INFORMATION_FORMAT = "dwarf-with-dsym";
				DEVELOPMENT_TEAM = FTS4YLJNG3;
				ENABLE_NS_ASSERTIONS = NO;
				ENABLE_STRICT_OBJC_MSGSEND = YES;
				GCC_C_LANGUAGE_STANDARD = gnu11;
				GCC_NO_COMMON_BLOCKS = YES;
				GCC_WARN_64_TO_32_BIT_CONVERSION = YES;
				GCC_WARN_ABOUT_RETURN_TYPE = YES_ERROR;
				GCC_WARN_UNDECLARED_SELECTOR = YES;
				GCC_WARN_UNINITIALIZED_AUTOS = YES_AGGRESSIVE;
				GCC_WARN_UNUSED_FUNCTION = YES;
				GCC_WARN_UNUSED_VARIABLE = YES;
				IPHONEOS_DEPLOYMENT_TARGET = 18.0;
				MTL_ENABLE_DEBUG_INFO = NO;
				MTL_FAST_MATH = YES;
				PRODUCT_NAME = "$(TARGET_NAME)";
				SDKROOT = iphoneos;
				SWIFT_COMPILATION_MODE = wholemodule;
				SWIFT_OPTIMIZATION_LEVEL = "-O";
				SWIFT_VERSION = 6.0;
				TARGETED_DEVICE_FAMILY = 1;
			};
			name = Release;
		};
		DC49C076B71F6DB81A9A5BE1 /* Debug */ = {
			isa = XCBuildConfiguration;
			buildSettings = {
				ALWAYS_SEARCH_USER_PATHS = NO;
				CLANG_ANALYZER_NONNULL = YES;
				CLANG_ANALYZER_NUMBER_OBJECT_CONVERSION = YES_AGGRESSIVE;
				CLANG_CXX_LANGUAGE_STANDARD = "gnu++14";
				CLANG_CXX_LIBRARY = "libc++";
				CLANG_ENABLE_MODULES = YES;
				CLANG_ENABLE_OBJC_ARC = YES;
				CLANG_ENABLE_OBJC_WEAK = YES;
				CLANG_WARN_BLOCK_CAPTURE_AUTORELEASING = YES;
				CLANG_WARN_BOOL_CONVERSION = YES;
				CLANG_WARN_COMMA = YES;
				CLANG_WARN_CONSTANT_CONVERSION = YES;
				CLANG_WARN_DEPRECATED_OBJC_IMPLEMENTATIONS = YES;
				CLANG_WARN_DIRECT_OBJC_ISA_USAGE = YES_ERROR;
				CLANG_WARN_DOCUMENTATION_COMMENTS = YES;
				CLANG_WARN_EMPTY_BODY = YES;
				CLANG_WARN_ENUM_CONVERSION = YES;
				CLANG_WARN_INFINITE_RECURSION = YES;
				CLANG_WARN_INT_CONVERSION = YES;
				CLANG_WARN_NON_LITERAL_NULL_CONVERSION = YES;
				CLANG_WARN_OBJC_IMPLICIT_RETAIN_SELF = YES;
				CLANG_WARN_OBJC_LITERAL_CONVERSION = YES;
				CLANG_WARN_OBJC_ROOT_CLASS = YES_ERROR;
				CLANG_WARN_QUOTED_INCLUDE_IN_FRAMEWORK_HEADER = YES;
				CLANG_WARN_RANGE_LOOP_ANALYSIS = YES;
				CLANG_WARN_STRICT_PROTOTYPES = YES;
				CLANG_WARN_SUSPICIOUS_MOVE = YES;
				CLANG_WARN_UNGUARDED_AVAILABILITY = YES_AGGRESSIVE;
				CLANG_WARN_UNREACHABLE_CODE = YES;
				CLANG_WARN__DUPLICATE_METHOD_MATCH = YES;
				CODE_SIGN_STYLE = Automatic;
				COPY_PHASE_STRIP = NO;
				DEBUG_INFORMATION_FORMAT = dwarf;
				DEVELOPMENT_TEAM = FTS4YLJNG3;
				ENABLE_STRICT_OBJC_MSGSEND = YES;
				ENABLE_TESTABILITY = YES;
				GCC_C_LANGUAGE_STANDARD = gnu11;
				GCC_DYNAMIC_NO_PIC = NO;
				GCC_NO_COMMON_BLOCKS = YES;
				GCC_OPTIMIZATION_LEVEL = 0;
				GCC_PREPROCESSOR_DEFINITIONS = (
					"$(inherited)",
					"DEBUG=1",
				);
				GCC_WARN_64_TO_32_BIT_CONVERSION = YES;
				GCC_WARN_ABOUT_RETURN_TYPE = YES_ERROR;
				GCC_WARN_UNDECLARED_SELECTOR = YES;
				GCC_WARN_UNINITIALIZED_AUTOS = YES_AGGRESSIVE;
				GCC_WARN_UNUSED_FUNCTION = YES;
				GCC_WARN_UNUSED_VARIABLE = YES;
				IPHONEOS_DEPLOYMENT_TARGET = 18.0;
				MTL_ENABLE_DEBUG_INFO = INCLUDE_SOURCE;
				MTL_FAST_MATH = YES;
				ONLY_ACTIVE_ARCH = YES;
				PRODUCT_NAME = "$(TARGET_NAME)";
				SDKROOT = iphoneos;
				SWIFT_ACTIVE_COMPILATION_CONDITIONS = DEBUG;
				SWIFT_OPTIMIZATION_LEVEL = "-Onone";
				SWIFT_VERSION = 6.0;
				TARGETED_DEVICE_FAMILY = 1;
			};
			name = Debug;
		};
/* End XCBuildConfiguration section */

/* Begin XCConfigurationList section */
		2AEE0F33C9450CA366A9893F /* Build configuration list for PBXNativeTarget "Vovozinha" */ = {
			isa = XCConfigurationList;
			buildConfigurations = (
				9A00D0D2DDE8C1B9EF64E88A /* Debug */,
				2C061CA44DA1D74B3C6D1186 /* Release */,
			);
			defaultConfigurationIsVisible = 0;
			defaultConfigurationName = Debug;
		};
		5A2F0533DA6CB770063B29CC /* Build configuration list for PBXProject "Vovozinha" */ = {
			isa = XCConfigurationList;
			buildConfigurations = (
				DC49C076B71F6DB81A9A5BE1 /* Debug */,
				A4EC26EBD52DBDE3ED622B46 /* Release */,
			);
			defaultConfigurationIsVisible = 0;
			defaultConfigurationName = Debug;
		};
/* End XCConfigurationList section */

/* Begin XCLocalSwiftPackageReference section */
		2B6877E08F3B1B74A6D51707 /* XCLocalSwiftPackageReference "Packages/ImageGenKit" */ = {
			isa = XCLocalSwiftPackageReference;
			relativePath = Packages/ImageGenKit;
		};
		3E568F3618716272B53D9DE3 /* XCLocalSwiftPackageReference "Packages/VovoUI" */ = {
			isa = XCLocalSwiftPackageReference;
			relativePath = Packages/VovoUI;
		};
		3FA56A837A1CBBD562719EC0 /* XCLocalSwiftPackageReference "Packages/StoryPromptKit" */ = {
			isa = XCLocalSwiftPackageReference;
			relativePath = Packages/StoryPromptKit;
		};
		C9F0CCEA3DC9FE940255E906 /* XCLocalSwiftPackageReference "Packages/StorybookKit" */ = {
			isa = XCLocalSwiftPackageReference;
			relativePath = Packages/StorybookKit;
		};
/* End XCLocalSwiftPackageReference section */

/* Begin XCSwiftPackageProductDependency section */
		7384607EBBE485761D9B4233 /* VovoUI */ = {
			isa = XCSwiftPackageProductDependency;
			productName = VovoUI;
		};
		F958A7C62BAD68CD2F413CBB /* StorybookKit */ = {
			isa = XCSwiftPackageProductDependency;
			productName = StorybookKit;
		};
/* End XCSwiftPackageProductDependency section */
	};
	rootObject = 93D47B002720DBA6D1491AF8 /* Project object */;
}
